
Microsoft Visual Studio Solution File, Format Version 12.00
# Visual Studio Version 17
VisualStudioVersion = 17.0.32112.339
MinimumVisualStudioVersion = 10.0.40219.1
Project("{8BC9CEB8-8B4A-11D0-8D11-00A0C91BC942}") = "NHF_project", "NHF_project.vcxproj", "{D758F031-7F30-496B-A198-6F4BCEF811BC}"
EndProject
Global
	GlobalSection(SolutionConfigurationPlatforms) = preSolution
		Debug|x64 = Debug|x64
		Debug|x86 = Debug|x86
		Release|x64 = Release|x64
		Release|x86 = Release|x86
	EndGlobalSection
	GlobalSection(ProjectConfigurationPlatforms) = postSolution
		{D758F031-7F30-496B-A198-6F4BCEF811BC}.Debug|x64.ActiveCfg = Debug|x64
		{D758F031-7F30-496B-A198-6F4BCEF811BC}.Debug|x64.Build.0 = Debug|x64
		{D758F031-7F30-496B-A198-6F4BCEF811BC}.Debug|x86.ActiveCfg = Debug|Win32
		{D758F031-7F30-496B-A198-6F4BCEF811BC}.Debug|x86.Build.0 = Debug|Win32
		{D758F031-7F30-496B-A198-6F4BCEF811BC}.Release|x64.ActiveCfg = Release|x64
		{D758F031-7F30-496B-A198-6F4BCEF811BC}.Release|x64.Build.0 = Release|x64
		{D758F031-7F30-496B-A198-6F4BCEF811BC}.Release|x86.ActiveCfg = Release|Win32
		{D758F031-7F30-496B-A198-6F4BCEF811BC}.Release|x86.Build.0 = Release|Win32
	EndGlobalSection
	GlobalSection(SolutionProperties) = preSolution
		HideSolutionNode = FALSE
	EndGlobalSection
	GlobalSection(ExtensibilityGlobals) = postSolution
		SolutionGuid = {B60108B6-CDDA-4B1F-91BC-BD54ECC812F2}
	EndGlobalSection
EndGlobal
